
Microsoft Visual Studio Solution File, Format Version 12.00
# Visual Studio Version 16
VisualStudioVersion = 16.0.32126.315
MinimumVisualStudioVersion = 10.0.40219.1
Project("{FAE04EC0-301F-11D3-BF4B-00C04F79EFBC}") = "TextEditor_Lab5", "TextEditor_Lab5.csproj", "{E7ADC88C-7D1A-4FDC-9D9C-5B918A9F9D90}"
EndProject
Global
	GlobalSection(SolutionConfigurationPlatforms) = preSolution
		Debug|Any CPU = Debug|Any CPU
		Release|Any CPU = Release|Any CPU
	EndGlobalSection
	GlobalSection(ProjectConfigurationPlatforms) = postSolution
		{E7ADC88C-7D1A-4FDC-9D9C-5B918A9F9D90}.Debug|Any CPU.ActiveCfg = Debug|Any CPU
		{E7ADC88C-7D1A-4FDC-9D9C-5B918A9F9D90}.Debug|Any CPU.Build.0 = Debug|Any CPU
		{E7ADC88C-7D1A-4FDC-9D9C-5B918A9F9D90}.Release|Any CPU.ActiveCfg = Release|Any CPU
		{E7ADC88C-7D1A-4FDC-9D9C-5B918A9F9D90}.Release|Any CPU.Build.0 = Release|Any CPU
	EndGlobalSection
	GlobalSection(SolutionProperties) = preSolution
		HideSolutionNode = FALSE
	EndGlobalSection
	GlobalSection(ExtensibilityGlobals) = postSolution
		SolutionGuid = {A90D530F-CB40-44CC-8960-05ED615E709B}
	EndGlobalSection
EndGlobal
